
Microsoft Visual Studio Solution File, Format Version 12.00
# Visual Studio Version 16
VisualStudioVersion = 16.0.32802.440
MinimumVisualStudioVersion = 10.0.40219.1
Project("{FAE04EC0-301F-11D3-BF4B-00C04F79EFBC}") = "COMP3851B", "COMP3851B.csproj", "{2748480A-6026-49E0-8768-DB85C7A27CFE}"
EndProject
Global
	GlobalSection(SolutionConfigurationPlatforms) = preSolution
		Debug|Any CPU = Debug|Any CPU
		Release|Any CPU = Release|Any CPU
	EndGlobalSection
	GlobalSection(ProjectConfigurationPlatforms) = postSolution
		{2748480A-6026-49E0-8768-DB85C7A27CFE}.Debug|Any CPU.ActiveCfg = Debug|Any CPU
		{2748480A-6026-49E0-8768-DB85C7A27CFE}.Debug|Any CPU.Build.0 = Debug|Any CPU
		{2748480A-6026-49E0-8768-DB85C7A27CFE}.Release|Any CPU.ActiveCfg = Release|Any CPU
		{2748480A-6026-49E0-8768-DB85C7A27CFE}.Release|Any CPU.Build.0 = Release|Any CPU
	EndGlobalSection
	GlobalSection(SolutionProperties) = preSolution
		HideSolutionNode = FALSE
	EndGlobalSection
	GlobalSection(ExtensibilityGlobals) = postSolution
		SolutionGuid = {BE00BE27-8CC3-42B1-A7F7-B97A7DC7336F}
	EndGlobalSection
EndGlobal
